
Microsoft Visual Studio Solution File, Format Version 12.00
# Visual Studio Version 16
VisualStudioVersion = 16.0.29920.165
MinimumVisualStudioVersion = 10.0.40219.1
Project("{9A19103F-16F7-4668-BE54-9A1E7A4F7556}") = "Xendor", "src\Xendor\Xendor.csproj", "{72EF2C55-235E-4FC7-9F50-32F4B6B5CB31}"
EndProject
Project("{9A19103F-16F7-4668-BE54-9A1E7A4F7556}") = "Xendor.CommandModel", "src\Xendor.CommandModel\Xendor.CommandModel.csproj", "{7DF9D3EB-ADEC-4D3F-98FA-ED7D781B1099}"
EndProject
Project("{9A19103F-16F7-4668-BE54-9A1E7A4F7556}") = "Xendor.QueryModel", "src\Xendor.QueryModel\Xendor.QueryModel.csproj", "{58ACF509-238F-4276-BC22-940D5AA0562B}"
EndProject
Project("{9A19103F-16F7-4668-BE54-9A1E7A4F7556}") = "Xendor.MessageModel", "src\Xendor.MessageModel\Xendor.MessageModel.csproj", "{6733AEA8-72D7-4C95-9121-F34B05804E23}"
EndProject
Project("{2150E333-8FDC-42A3-9474-1A3956D46DE8}") = "Implementations", "Implementations", "{B5AC1041-1AA3-406F-A562-42F56BEAE812}"
EndProject
Project("{9A19103F-16F7-4668-BE54-9A1E7A4F7556}") = "Xendor.Data.MySql", "src\Xendor.Data.MySql\Xendor.Data.MySql.csproj", "{0635A805-CA21-4671-B9DE-44D96A9E5AC7}"
EndProject
Project("{9A19103F-16F7-4668-BE54-9A1E7A4F7556}") = "Xendor.ServiceLocator.SimpleInjector", "src\Xendor.ServiceLocator.SimpleInjector\Xendor.ServiceLocator.SimpleInjector.csproj", "{5CC98C77-266F-40A2-86DC-7B9CCAA2FE9F}"
EndProject
Project("{2150E333-8FDC-42A3-9474-1A3956D46DE8}") = "src", "src", "{5E3E1745-C261-4CEC-94B1-BDEDEB2019B5}"
EndProject
Project("{2150E333-8FDC-42A3-9474-1A3956D46DE8}") = "test", "test", "{61EBBC6F-E955-4B92-8F4E-FB6B2CFFFD25}"
EndProject
Project("{9A19103F-16F7-4668-BE54-9A1E7A4F7556}") = "Xendor.EventBus.RabbitMQ", "src\Xendor.EventBus.RabbitMQ\Xendor.EventBus.RabbitMQ.csproj", "{D4DD734E-1621-41B8-94CA-D0CC529ADC47}"
EndProject
Project("{2150E333-8FDC-42A3-9474-1A3956D46DE8}") = "QueryModel", "QueryModel", "{CF135DED-439A-4BDE-A27A-EF068E5C17DA}"
EndProject
Project("{2150E333-8FDC-42A3-9474-1A3956D46DE8}") = "CommandModel", "CommandModel", "{E6A9EDE8-2E0D-485C-AE57-34BC105CB79D}"
EndProject
Project("{2150E333-8FDC-42A3-9474-1A3956D46DE8}") = "MessageModel", "MessageModel", "{BC8EBC2F-4A27-4621-8D80-CFEAE33F3C9B}"
EndProject
Project("{9A19103F-16F7-4668-BE54-9A1E7A4F7556}") = "Xendor.QueryModel.AspNetCore", "src\Xendor.QueryModel.AspNetCore\Xendor.QueryModel.AspNetCore.csproj", "{7EE17EAE-3455-4954-8A79-35A2D7B72FAB}"
EndProject
Project("{9A19103F-16F7-4668-BE54-9A1E7A4F7556}") = "Xendor.QueryModel.MySql", "src\Xendor.QueryModel.MySql\Xendor.QueryModel.MySql.csproj", "{09A70638-5CC2-4A36-B237-EC8AA1328366}"
EndProject
Project("{9A19103F-16F7-4668-BE54-9A1E7A4F7556}") = "Xendor.QueryModel.Tests", "test\Xendor.QueryModel.Tests\Xendor.QueryModel.Tests.csproj", "{2E808EF9-0ACB-492F-A554-4826F39986F0}"
EndProject
Project("{9A19103F-16F7-4668-BE54-9A1E7A4F7556}") = "Xendor.CommandModel.MySql", "src\Xendor.CommandModel.MySql\Xendor.CommandModel.MySql.csproj", "{E6AAACB5-FC29-49C4-9C05-EF2BAD1818A1}"
EndProject
Project("{9A19103F-16F7-4668-BE54-9A1E7A4F7556}") = "Xendor.CommandModel.Tests", "test\Xendor.CommandModel.Tests\Xendor.CommandModel.Tests.csproj", "{4996A596-50F0-421D-824F-FC86E7A7F3A5}"
EndProject
Project("{2150E333-8FDC-42A3-9474-1A3956D46DE8}") = "Solution Items", "Solution Items", "{8BBF3C3E-CB20-43D0-81C5-415371A90C7F}"
	ProjectSection(SolutionItems) = preProject
		.travis.yml = .travis.yml
		CQRS-ES.png = CQRS-ES.png
		LICENSE.txt = LICENSE.txt
		README.md = README.md
		urls.txt = urls.txt
	EndProjectSection
EndProject
Project("{2150E333-8FDC-42A3-9474-1A3956D46DE8}") = "demo", "demo", "{3BFA66BC-71A6-4130-91AA-F2978001E893}"
EndProject
Project("{2150E333-8FDC-42A3-9474-1A3956D46DE8}") = "CommandModel", "CommandModel", "{BBCCF481-8C30-43A3-9581-A50D06D38C4F}"
EndProject
Project("{2150E333-8FDC-42A3-9474-1A3956D46DE8}") = "MessageModel", "MessageModel", "{AA6C32F6-42FB-431B-B904-736D4C5C806C}"
EndProject
Project("{2150E333-8FDC-42A3-9474-1A3956D46DE8}") = "QueryModel", "QueryModel", "{C605BEC8-94FE-4CC7-AAD8-A11C15B3999E}"
EndProject
Project("{9A19103F-16F7-4668-BE54-9A1E7A4F7556}") = "CitiBank.Domain", "demo\CitiBank.Domain\CitiBank.Domain.csproj", "{15547720-E7F9-4767-9084-6A126046262F}"
EndProject
Project("{9A19103F-16F7-4668-BE54-9A1E7A4F7556}") = "CitiBank.Services", "demo\CitiBank.Services\CitiBank.Services.csproj", "{AFA4433A-6499-4AA3-8B3F-F31318646FEB}"
EndProject
Project("{E53339B2-1760-4266-BCC7-CA923CBCF16C}") = "docker-compose", "docker-compose.dcproj", "{9FDB4ED9-F899-4A18-AD51-8F0FD2CAB2AC}"
EndProject
Project("{9A19103F-16F7-4668-BE54-9A1E7A4F7556}") = "CitiBank.Messaging", "demo\CitiBank.Messaging\CitiBank.Messaging.csproj", "{B8B311DE-ECD0-46BC-A41E-A4A1CBC6582F}"
EndProject
Project("{9A19103F-16F7-4668-BE54-9A1E7A4F7556}") = "Xendor.MessageBroker.MySql", "src\Xendor.MessageBroker.MySql\Xendor.MessageBroker.MySql.csproj", "{1313514D-37A7-4413-A9B9-DB70A1E9B59B}"
EndProject
Project("{9A19103F-16F7-4668-BE54-9A1E7A4F7556}") = "Xendor.QueryModel.MySql.Tests", "test\Xendor.QueryModel.MySql.Tests\Xendor.QueryModel.MySql.Tests.csproj", "{39BF7CE0-0459-4BD2-B409-E238C0789817}"
EndProject
Project("{2150E333-8FDC-42A3-9474-1A3956D46DE8}") = "QueryModel", "QueryModel", "{8D0DCF10-CA48-47D3-9CAC-63447CC11B77}"
EndProject
Project("{2150E333-8FDC-42A3-9474-1A3956D46DE8}") = "CommandModel", "CommandModel", "{3C24483C-B322-4D0C-AE5E-C43B41D67A8B}"
EndProject
Project("{FAE04EC0-301F-11D3-BF4B-00C04F79EFBC}") = "CitiBank.Api", "demo\CitiBank.Api\CitiBank.Api.csproj", "{495B206F-3966-4D2F-A720-F2A74B804FFE}"
EndProject
Project("{FAE04EC0-301F-11D3-BF4B-00C04F79EFBC}") = "CitiBank.View", "demo\CitiBank.View\CitiBank.View.csproj", "{6A3D5BBE-DEC2-46FA-A55F-861583F26672}"
EndProject
Global
	GlobalSection(SolutionConfigurationPlatforms) = preSolution
		Debug|Any CPU = Debug|Any CPU
		Release|Any CPU = Release|Any CPU
	EndGlobalSection
	GlobalSection(ProjectConfigurationPlatforms) = postSolution
		{72EF2C55-235E-4FC7-9F50-32F4B6B5CB31}.Debug|Any CPU.ActiveCfg = Debug|Any CPU
		{72EF2C55-235E-4FC7-9F50-32F4B6B5CB31}.Debug|Any CPU.Build.0 = Debug|Any CPU
		{72EF2C55-235E-4FC7-9F50-32F4B6B5CB31}.Release|Any CPU.ActiveCfg = Release|Any CPU
		{72EF2C55-235E-4FC7-9F50-32F4B6B5CB31}.Release|Any CPU.Build.0 = Release|Any CPU
		{7DF9D3EB-ADEC-4D3F-98FA-ED7D781B1099}.Debug|Any CPU.ActiveCfg = Debug|Any CPU
		{7DF9D3EB-ADEC-4D3F-98FA-ED7D781B1099}.Debug|Any CPU.Build.0 = Debug|Any CPU
		{7DF9D3EB-ADEC-4D3F-98FA-ED7D781B1099}.Release|Any CPU.ActiveCfg = Release|Any CPU
		{7DF9D3EB-ADEC-4D3F-98FA-ED7D781B1099}.Release|Any CPU.Build.0 = Release|Any CPU
		{58ACF509-238F-4276-BC22-940D5AA0562B}.Debug|Any CPU.ActiveCfg = Debug|Any CPU
		{58ACF509-238F-4276-BC22-940D5AA0562B}.Debug|Any CPU.Build.0 = Debug|Any CPU
		{58ACF509-238F-4276-BC22-940D5AA0562B}.Release|Any CPU.ActiveCfg = Release|Any CPU
		{58ACF509-238F-4276-BC22-940D5AA0562B}.Release|Any CPU.Build.0 = Release|Any CPU
		{6733AEA8-72D7-4C95-9121-F34B05804E23}.Debug|Any CPU.ActiveCfg = Debug|Any CPU
		{6733AEA8-72D7-4C95-9121-F34B05804E23}.Debug|Any CPU.Build.0 = Debug|Any CPU
		{6733AEA8-72D7-4C95-9121-F34B05804E23}.Release|Any CPU.ActiveCfg = Release|Any CPU
		{6733AEA8-72D7-4C95-9121-F34B05804E23}.Release|Any CPU.Build.0 = Release|Any CPU
		{0635A805-CA21-4671-B9DE-44D96A9E5AC7}.Debug|Any CPU.ActiveCfg = Debug|Any CPU
		{0635A805-CA21-4671-B9DE-44D96A9E5AC7}.Debug|Any CPU.Build.0 = Debug|Any CPU
		{0635A805-CA21-4671-B9DE-44D96A9E5AC7}.Release|Any CPU.ActiveCfg = Release|Any CPU
		{0635A805-CA21-4671-B9DE-44D96A9E5AC7}.Release|Any CPU.Build.0 = Release|Any CPU
		{5CC98C77-266F-40A2-86DC-7B9CCAA2FE9F}.Debug|Any CPU.ActiveCfg = Debug|Any CPU
		{5CC98C77-266F-40A2-86DC-7B9CCAA2FE9F}.Debug|Any CPU.Build.0 = Debug|Any CPU
		{5CC98C77-266F-40A2-86DC-7B9CCAA2FE9F}.Release|Any CPU.ActiveCfg = Release|Any CPU
		{5CC98C77-266F-40A2-86DC-7B9CCAA2FE9F}.Release|Any CPU.Build.0 = Release|Any CPU
		{D4DD734E-1621-41B8-94CA-D0CC529ADC47}.Debug|Any CPU.ActiveCfg = Debug|Any CPU
		{D4DD734E-1621-41B8-94CA-D0CC529ADC47}.Debug|Any CPU.Build.0 = Debug|Any CPU
		{D4DD734E-1621-41B8-94CA-D0CC529ADC47}.Release|Any CPU.ActiveCfg = Release|Any CPU
		{D4DD734E-1621-41B8-94CA-D0CC529ADC47}.Release|Any CPU.Build.0 = Release|Any CPU
		{7EE17EAE-3455-4954-8A79-35A2D7B72FAB}.Debug|Any CPU.ActiveCfg = Debug|Any CPU
		{7EE17EAE-3455-4954-8A79-35A2D7B72FAB}.Debug|Any CPU.Build.0 = Debug|Any CPU
		{7EE17EAE-3455-4954-8A79-35A2D7B72FAB}.Release|Any CPU.ActiveCfg = Release|Any CPU
		{7EE17EAE-3455-4954-8A79-35A2D7B72FAB}.Release|Any CPU.Build.0 = Release|Any CPU
		{09A70638-5CC2-4A36-B237-EC8AA1328366}.Debug|Any CPU.ActiveCfg = Debug|Any CPU
		{09A70638-5CC2-4A36-B237-EC8AA1328366}.Debug|Any CPU.Build.0 = Debug|Any CPU
		{09A70638-5CC2-4A36-B237-EC8AA1328366}.Release|Any CPU.ActiveCfg = Release|Any CPU
		{09A70638-5CC2-4A36-B237-EC8AA1328366}.Release|Any CPU.Build.0 = Release|Any CPU
		{2E808EF9-0ACB-492F-A554-4826F39986F0}.Debug|Any CPU.ActiveCfg = Debug|Any CPU
		{2E808EF9-0ACB-492F-A554-4826F39986F0}.Debug|Any CPU.Build.0 = Debug|Any CPU
		{2E808EF9-0ACB-492F-A554-4826F39986F0}.Release|Any CPU.ActiveCfg = Release|Any CPU
		{2E808EF9-0ACB-492F-A554-4826F39986F0}.Release|Any CPU.Build.0 = Release|Any CPU
		{E6AAACB5-FC29-49C4-9C05-EF2BAD1818A1}.Debug|Any CPU.ActiveCfg = Debug|Any CPU
		{E6AAACB5-FC29-49C4-9C05-EF2BAD1818A1}.Debug|Any CPU.Build.0 = Debug|Any CPU
		{E6AAACB5-FC29-49C4-9C05-EF2BAD1818A1}.Release|Any CPU.ActiveCfg = Release|Any CPU
		{E6AAACB5-FC29-49C4-9C05-EF2BAD1818A1}.Release|Any CPU.Build.0 = Release|Any CPU
		{4996A596-50F0-421D-824F-FC86E7A7F3A5}.Debug|Any CPU.ActiveCfg = Debug|Any CPU
		{4996A596-50F0-421D-824F-FC86E7A7F3A5}.Debug|Any CPU.Build.0 = Debug|Any CPU
		{4996A596-50F0-421D-824F-FC86E7A7F3A5}.Release|Any CPU.ActiveCfg = Release|Any CPU
		{4996A596-50F0-421D-824F-FC86E7A7F3A5}.Release|Any CPU.Build.0 = Release|Any CPU
		{15547720-E7F9-4767-9084-6A126046262F}.Debug|Any CPU.ActiveCfg = Debug|Any CPU
		{15547720-E7F9-4767-9084-6A126046262F}.Debug|Any CPU.Build.0 = Debug|Any CPU
		{15547720-E7F9-4767-9084-6A126046262F}.Release|Any CPU.ActiveCfg = Release|Any CPU
		{15547720-E7F9-4767-9084-6A126046262F}.Release|Any CPU.Build.0 = Release|Any CPU
		{AFA4433A-6499-4AA3-8B3F-F31318646FEB}.Debug|Any CPU.ActiveCfg = Debug|Any CPU
		{AFA4433A-6499-4AA3-8B3F-F31318646FEB}.Debug|Any CPU.Build.0 = Debug|Any CPU
		{AFA4433A-6499-4AA3-8B3F-F31318646FEB}.Release|Any CPU.ActiveCfg = Release|Any CPU
		{AFA4433A-6499-4AA3-8B3F-F31318646FEB}.Release|Any CPU.Build.0 = Release|Any CPU
		{9FDB4ED9-F899-4A18-AD51-8F0FD2CAB2AC}.Debug|Any CPU.ActiveCfg = Debug|Any CPU
		{9FDB4ED9-F899-4A18-AD51-8F0FD2CAB2AC}.Debug|Any CPU.Build.0 = Debug|Any CPU
		{9FDB4ED9-F899-4A18-AD51-8F0FD2CAB2AC}.Release|Any CPU.ActiveCfg = Release|Any CPU
		{9FDB4ED9-F899-4A18-AD51-8F0FD2CAB2AC}.Release|Any CPU.Build.0 = Release|Any CPU
		{B8B311DE-ECD0-46BC-A41E-A4A1CBC6582F}.Debug|Any CPU.ActiveCfg = Debug|Any CPU
		{B8B311DE-ECD0-46BC-A41E-A4A1CBC6582F}.Debug|Any CPU.Build.0 = Debug|Any CPU
		{B8B311DE-ECD0-46BC-A41E-A4A1CBC6582F}.Release|Any CPU.ActiveCfg = Release|Any CPU
		{B8B311DE-ECD0-46BC-A41E-A4A1CBC6582F}.Release|Any CPU.Build.0 = Release|Any CPU
		{1313514D-37A7-4413-A9B9-DB70A1E9B59B}.Debug|Any CPU.ActiveCfg = Debug|Any CPU
		{1313514D-37A7-4413-A9B9-DB70A1E9B59B}.Debug|Any CPU.Build.0 = Debug|Any CPU
		{1313514D-37A7-4413-A9B9-DB70A1E9B59B}.Release|Any CPU.ActiveCfg = Release|Any CPU
		{1313514D-37A7-4413-A9B9-DB70A1E9B59B}.Release|Any CPU.Build.0 = Release|Any CPU
		{39BF7CE0-0459-4BD2-B409-E238C0789817}.Debug|Any CPU.ActiveCfg = Debug|Any CPU
		{39BF7CE0-0459-4BD2-B409-E238C0789817}.Debug|Any CPU.Build.0 = Debug|Any CPU
		{39BF7CE0-0459-4BD2-B409-E238C0789817}.Release|Any CPU.ActiveCfg = Release|Any CPU
		{39BF7CE0-0459-4BD2-B409-E238C0789817}.Release|Any CPU.Build.0 = Release|Any CPU
		{495B206F-3966-4D2F-A720-F2A74B804FFE}.Debug|Any CPU.ActiveCfg = Debug|Any CPU
		{495B206F-3966-4D2F-A720-F2A74B804FFE}.Debug|Any CPU.Build.0 = Debug|Any CPU
		{495B206F-3966-4D2F-A720-F2A74B804FFE}.Release|Any CPU.ActiveCfg = Release|Any CPU
		{495B206F-3966-4D2F-A720-F2A74B804FFE}.Release|Any CPU.Build.0 = Release|Any CPU
		{6A3D5BBE-DEC2-46FA-A55F-861583F26672}.Debug|Any CPU.ActiveCfg = Debug|Any CPU
		{6A3D5BBE-DEC2-46FA-A55F-861583F26672}.Debug|Any CPU.Build.0 = Debug|Any CPU
		{6A3D5BBE-DEC2-46FA-A55F-861583F26672}.Release|Any CPU.ActiveCfg = Release|Any CPU
		{6A3D5BBE-DEC2-46FA-A55F-861583F26672}.Release|Any CPU.Build.0 = Release|Any CPU
	EndGlobalSection
	GlobalSection(SolutionProperties) = preSolution
		HideSolutionNode = FALSE
	EndGlobalSection
	GlobalSection(NestedProjects) = preSolution
		{72EF2C55-235E-4FC7-9F50-32F4B6B5CB31} = {5E3E1745-C261-4CEC-94B1-BDEDEB2019B5}
		{7DF9D3EB-ADEC-4D3F-98FA-ED7D781B1099} = {E6A9EDE8-2E0D-485C-AE57-34BC105CB79D}
		{58ACF509-238F-4276-BC22-940D5AA0562B} = {CF135DED-439A-4BDE-A27A-EF068E5C17DA}
		{6733AEA8-72D7-4C95-9121-F34B05804E23} = {BC8EBC2F-4A27-4621-8D80-CFEAE33F3C9B}
		{B5AC1041-1AA3-406F-A562-42F56BEAE812} = {5E3E1745-C261-4CEC-94B1-BDEDEB2019B5}
		{0635A805-CA21-4671-B9DE-44D96A9E5AC7} = {B5AC1041-1AA3-406F-A562-42F56BEAE812}
		{5CC98C77-266F-40A2-86DC-7B9CCAA2FE9F} = {B5AC1041-1AA3-406F-A562-42F56BEAE812}
		{D4DD734E-1621-41B8-94CA-D0CC529ADC47} = {B5AC1041-1AA3-406F-A562-42F56BEAE812}
		{CF135DED-439A-4BDE-A27A-EF068E5C17DA} = {5E3E1745-C261-4CEC-94B1-BDEDEB2019B5}
		{E6A9EDE8-2E0D-485C-AE57-34BC105CB79D} = {5E3E1745-C261-4CEC-94B1-BDEDEB2019B5}
		{BC8EBC2F-4A27-4621-8D80-CFEAE33F3C9B} = {5E3E1745-C261-4CEC-94B1-BDEDEB2019B5}
		{7EE17EAE-3455-4954-8A79-35A2D7B72FAB} = {CF135DED-439A-4BDE-A27A-EF068E5C17DA}
		{09A70638-5CC2-4A36-B237-EC8AA1328366} = {CF135DED-439A-4BDE-A27A-EF068E5C17DA}
		{2E808EF9-0ACB-492F-A554-4826F39986F0} = {8D0DCF10-CA48-47D3-9CAC-63447CC11B77}
		{E6AAACB5-FC29-49C4-9C05-EF2BAD1818A1} = {E6A9EDE8-2E0D-485C-AE57-34BC105CB79D}
		{4996A596-50F0-421D-824F-FC86E7A7F3A5} = {3C24483C-B322-4D0C-AE5E-C43B41D67A8B}
		{BBCCF481-8C30-43A3-9581-A50D06D38C4F} = {3BFA66BC-71A6-4130-91AA-F2978001E893}
		{AA6C32F6-42FB-431B-B904-736D4C5C806C} = {3BFA66BC-71A6-4130-91AA-F2978001E893}
		{C605BEC8-94FE-4CC7-AAD8-A11C15B3999E} = {3BFA66BC-71A6-4130-91AA-F2978001E893}
		{15547720-E7F9-4767-9084-6A126046262F} = {BBCCF481-8C30-43A3-9581-A50D06D38C4F}
		{AFA4433A-6499-4AA3-8B3F-F31318646FEB} = {BBCCF481-8C30-43A3-9581-A50D06D38C4F}
		{B8B311DE-ECD0-46BC-A41E-A4A1CBC6582F} = {AA6C32F6-42FB-431B-B904-736D4C5C806C}
		{1313514D-37A7-4413-A9B9-DB70A1E9B59B} = {B5AC1041-1AA3-406F-A562-42F56BEAE812}
		{39BF7CE0-0459-4BD2-B409-E238C0789817} = {8D0DCF10-CA48-47D3-9CAC-63447CC11B77}
		{8D0DCF10-CA48-47D3-9CAC-63447CC11B77} = {61EBBC6F-E955-4B92-8F4E-FB6B2CFFFD25}
		{3C24483C-B322-4D0C-AE5E-C43B41D67A8B} = {61EBBC6F-E955-4B92-8F4E-FB6B2CFFFD25}
		{495B206F-3966-4D2F-A720-F2A74B804FFE} = {BBCCF481-8C30-43A3-9581-A50D06D38C4F}
		{6A3D5BBE-DEC2-46FA-A55F-861583F26672} = {C605BEC8-94FE-4CC7-AAD8-A11C15B3999E}
	EndGlobalSection
	GlobalSection(ExtensibilityGlobals) = postSolution
		SolutionGuid = {A1CFD3B8-6874-4F74-A437-CB11BF7EFDD0}
	EndGlobalSection
EndGlobal
